
Microsoft Visual Studio Solution File, Format Version 12.00
# Visual Studio Version 17
VisualStudioVersion = 17.8.34309.116
MinimumVisualStudioVersion = 10.0.40219.1
Project("{FAE04EC0-301F-11D3-BF4B-00C04F79EFBC}") = "AuthGambling", "AuthGambling.csproj", "{2529AF7C-B895-4FDA-B6FD-3299C2C6AA66}"
EndProject
Global
	GlobalSection(SolutionConfigurationPlatforms) = preSolution
		Debug|Any CPU = Debug|Any CPU
		Release|Any CPU = Release|Any CPU
	EndGlobalSection
	GlobalSection(ProjectConfigurationPlatforms) = postSolution
		{2529AF7C-B895-4FDA-B6FD-3299C2C6AA66}.Debug|Any CPU.ActiveCfg = Debug|Any CPU
		{2529AF7C-B895-4FDA-B6FD-3299C2C6AA66}.Debug|Any CPU.Build.0 = Debug|Any CPU
		{2529AF7C-B895-4FDA-B6FD-3299C2C6AA66}.Release|Any CPU.ActiveCfg = Release|Any CPU
		{2529AF7C-B895-4FDA-B6FD-3299C2C6AA66}.Release|Any CPU.Build.0 = Release|Any CPU
	EndGlobalSection
	GlobalSection(SolutionProperties) = preSolution
		HideSolutionNode = FALSE
	EndGlobalSection
	GlobalSection(ExtensibilityGlobals) = postSolution
		SolutionGuid = {F75FE823-1DC3-4561-93F3-C4063F941CE2}
	EndGlobalSection
EndGlobal
